// !$*UTF8*$!
{
	archiveVersion = 1;
	classes = {
	};
	objectVersion = 77;
	objects = {

/* Begin PBXBuildFile section */
		B964858830082CB90058CE71 /* FocusPulseCore in Frameworks */ = {isa = PBXBuildFile; productRef = FCFCFC0000000000000000D1 /* FocusPulseCore */; };
		B9B92BAB300D95ED0012FBCE /* FocusPulseWatch Watch App.app in Embed Watch Content */ = {isa = PBXBuildFile; fileRef = B9B92BA1300D95EB0012FBCE /* FocusPulseWatch Watch App.app */; settings = {ATTRIBUTES = (RemoveHeadersOnCopy, ); }; };
		B9B92BBE300D9A000012FBCE /* FocusPulseCore in Frameworks */ = {isa = PBXBuildFile; productRef = B9B92BBD300D9A000012FBCE /* FocusPulseCore */; };
		B9B92BCB300D9B720012FBCE /* WidgetKit.framework in Frameworks */ = {isa = PBXBuildFile; fileRef = B9B92BCA300D9B710012FBCE /* WidgetKit.framework */; };
		B9B92BCD300D9B720012FBCE /* SwiftUI.framework in Frameworks */ = {isa = PBXBuildFile; fileRef = B9B92BCC300D9B720012FBCE /* SwiftUI.framework */; };
		B9B92BDC300D9B740012FBCE /* FocusPulseWatchComplicationsExtension.appex in Embed Foundation Extensions */ = {isa = PBXBuildFile; fileRef = B9B92BC9300D9B710012FBCE /* FocusPulseWatchComplicationsExtension.appex */; settings = {ATTRIBUTES = (RemoveHeadersOnCopy, ); }; };
		B9B92BEB300D9D830012FBCE /* FocusPulseCore in Frameworks */ = {isa = PBXBuildFile; productRef = B9B92BEA300D9D830012FBCE /* FocusPulseCore */; };
/* End PBXBuildFile section */

/* Begin PBXContainerItemProxy section */
		381BC3AD2E082B1F000225DB /* PBXContainerItemProxy */ = {
			isa = PBXContainerItemProxy;
			containerPortal = 381BC3972E082B1D000225DB /* Project object */;
			proxyType = 1;
			remoteGlobalIDString = 381BC39E2E082B1D000225DB;
			remoteInfo = FocusPulse;
		};
		381BC3B72E082B1F000225DB /* PBXContainerItemProxy */ = {
			isa = PBXContainerItemProxy;
			containerPortal = 381BC3972E082B1D000225DB /* Project object */;
			proxyType = 1;
			remoteGlobalIDString = 381BC39E2E082B1D000225DB;
			remoteInfo = FocusPulse;
		};
		B9B92BA9300D95ED0012FBCE /* PBXContainerItemProxy */ = {
			isa = PBXContainerItemProxy;
			containerPortal = 381BC3972E082B1D000225DB /* Project object */;
			proxyType = 1;
			remoteGlobalIDString = B9B92BA0300D95EB0012FBCE;
			remoteInfo = "FocusPulseWatch Watch App";
		};
		B9B92BDA300D9B740012FBCE /* PBXContainerItemProxy */ = {
			isa = PBXContainerItemProxy;
			containerPortal = 381BC3972E082B1D000225DB /* Project object */;
			proxyType = 1;
			remoteGlobalIDString = B9B92BC8300D9B710012FBCE;
			remoteInfo = FocusPulseWatchComplicationsExtension;
		};
/* End PBXContainerItemProxy section */

/* Begin PBXCopyFilesBuildPhase section */
		B9B92BAF300D95ED0012FBCE /* Embed Watch Content */ = {
			isa = PBXCopyFilesBuildPhase;
			buildActionMask = 2147483647;
			dstPath = "$(CONTENTS_FOLDER_PATH)/Watch";
			dstSubfolderSpec = 16;
			files = (
				B9B92BAB300D95ED0012FBCE /* FocusPulseWatch Watch App.app in Embed Watch Content */,
			);
			name = "Embed Watch Content";
			runOnlyForDeploymentPostprocessing = 0;
		};
		B9B92BE1300D9B740012FBCE /* Embed Foundation Extensions */ = {
			isa = PBXCopyFilesBuildPhase;
			buildActionMask = 2147483647;
			dstPath = "";
			dstSubfolderSpec = 13;
			files = (
				B9B92BDC300D9B740012FBCE /* FocusPulseWatchComplicationsExtension.appex in Embed Foundation Extensions */,
			);
			name = "Embed Foundation Extensions";
			runOnlyForDeploymentPostprocessing = 0;
		};
/* End PBXCopyFilesBuildPhase section */

/* Begin PBXFileReference section */
		381BC39F2E082B1D000225DB /* FocusPulse.app */ = {isa = PBXFileReference; explicitFileType = wrapper.application; includeInIndex = 0; path = FocusPulse.app; sourceTree = BUILT_PRODUCTS_DIR; };
		381BC3AC2E082B1F000225DB /* FocusPulseTests.xctest */ = {isa = PBXFileReference; explicitFileType = wrapper.cfbundle; includeInIndex = 0; path = FocusPulseTests.xctest; sourceTree = BUILT_PRODUCTS_DIR; };
		381BC3B62E082B1F000225DB /* FocusPulseUITests.xctest */ = {isa = PBXFileReference; explicitFileType = wrapper.cfbundle; includeInIndex = 0; path = FocusPulseUITests.xctest; sourceTree = BUILT_PRODUCTS_DIR; };
		B9B92BA1300D95EB0012FBCE /* FocusPulseWatch Watch App.app */ = {isa = PBXFileReference; explicitFileType = wrapper.application; includeInIndex = 0; path = "FocusPulseWatch Watch App.app"; sourceTree = BUILT_PRODUCTS_DIR; };
		B9B92BC9300D9B710012FBCE /* FocusPulseWatchComplicationsExtension.appex */ = {isa = PBXFileReference; explicitFileType = "wrapper.app-extension"; includeInIndex = 0; path = FocusPulseWatchComplicationsExtension.appex; sourceTree = BUILT_PRODUCTS_DIR; };
		B9B92BCA300D9B710012FBCE /* WidgetKit.framework */ = {isa = PBXFileReference; lastKnownFileType = wrapper.framework; name = WidgetKit.framework; path = System/Library/Frameworks/WidgetKit.framework; sourceTree = SDKROOT; };
		B9B92BCC300D9B720012FBCE /* SwiftUI.framework */ = {isa = PBXFileReference; lastKnownFileType = wrapper.framework; name = SwiftUI.framework; path = System/Library/Frameworks/SwiftUI.framework; sourceTree = SDKROOT; };
		B9B92BE9300D9CA80012FBCE /* FocusPulseWatchComplicationsExtension.entitlements */ = {isa = PBXFileReference; lastKnownFileType = text.plist.entitlements; path = FocusPulseWatchComplicationsExtension.entitlements; sourceTree = "<group>"; };
/* End PBXFileReference section */

/* Begin PBXFileSystemSynchronizedBuildFileExceptionSet section */
		B9B92BC0300D9A560012FBCE /* Exceptions for "FocusPulse" folder in "FocusPulseWatch Watch App" target */ = {
			isa = PBXFileSystemSynchronizedBuildFileExceptionSet;
			membershipExceptions = (
				Shared/SharedTimerState.swift,
				"Theme/Color+Hex.swift",
				Theme/ThemeStore.swift,
				Theme/VisualTheme.swift,
			);
			target = B9B92BA0300D95EB0012FBCE /* FocusPulseWatch Watch App */;
		};
		B9B92BE0300D9B740012FBCE /* Exceptions for "FocusPulseWatchComplications" folder in "FocusPulseWatchComplicationsExtension" target */ = {
			isa = PBXFileSystemSynchronizedBuildFileExceptionSet;
			membershipExceptions = (
				Info.plist,
			);
			target = B9B92BC8300D9B710012FBCE /* FocusPulseWatchComplicationsExtension */;
		};
		B9B92BE5300D9C360012FBCE /* Exceptions for "FocusPulse" folder in "FocusPulseWatchComplicationsExtension" target */ = {
			isa = PBXFileSystemSynchronizedBuildFileExceptionSet;
			membershipExceptions = (
				Shared/SharedTimerState.swift,
				"Theme/Color+Hex.swift",
				Theme/ThemeStore.swift,
				Theme/VisualTheme.swift,
			);
			target = B9B92BC8300D9B710012FBCE /* FocusPulseWatchComplicationsExtension */;
		};
/* End PBXFileSystemSynchronizedBuildFileExceptionSet section */

/* Begin PBXFileSystemSynchronizedRootGroup section */
		381BC3A12E082B1D000225DB /* FocusPulse */ = {
			isa = PBXFileSystemSynchronizedRootGroup;
			exceptions = (
				B9B92BC0300D9A560012FBCE /* Exceptions for "FocusPulse" folder in "FocusPulseWatch Watch App" target */,
				B9B92BE5300D9C360012FBCE /* Exceptions for "FocusPulse" folder in "FocusPulseWatchComplicationsExtension" target */,
			);
			path = FocusPulse;
			sourceTree = "<group>";
		};
		381BC3AF2E082B1F000225DB /* FocusPulseTests */ = {
			isa = PBXFileSystemSynchronizedRootGroup;
			path = FocusPulseTests;
			sourceTree = "<group>";
		};
		381BC3B92E082B1F000225DB /* FocusPulseUITests */ = {
			isa = PBXFileSystemSynchronizedRootGroup;
			path = FocusPulseUITests;
			sourceTree = "<group>";
		};
		B9B92BA2300D95EB0012FBCE /* FocusPulseWatch Watch App */ = {
			isa = PBXFileSystemSynchronizedRootGroup;
			path = "FocusPulseWatch Watch App";
			sourceTree = "<group>";
		};
		B9B92BCE300D9B720012FBCE /* FocusPulseWatchComplications */ = {
			isa = PBXFileSystemSynchronizedRootGroup;
			exceptions = (
				B9B92BE0300D9B740012FBCE /* Exceptions for "FocusPulseWatchComplications" folder in "FocusPulseWatchComplicationsExtension" target */,
			);
			path = FocusPulseWatchComplications;
			sourceTree = "<group>";
		};
/* End PBXFileSystemSynchronizedRootGroup section */

/* Begin PBXFrameworksBuildPhase section */
		381BC39C2E082B1D000225DB /* Frameworks */ = {
			isa = PBXFrameworksBuildPhase;
			buildActionMask = 2147483647;
			files = (
				B964858830082CB90058CE71 /* FocusPulseCore in Frameworks */,
			);
			runOnlyForDeploymentPostprocessing = 0;
		};
		381BC3A92E082B1F000225DB /* Frameworks */ = {
			isa = PBXFrameworksBuildPhase;
			buildActionMask = 2147483647;
			files = (
			);
			runOnlyForDeploymentPostprocessing = 0;
		};
		381BC3B32E082B1F000225DB /* Frameworks */ = {
			isa = PBXFrameworksBuildPhase;
			buildActionMask = 2147483647;
			files = (
			);
			runOnlyForDeploymentPostprocessing = 0;
		};
		B9B92B9E300D95EB0012FBCE /* Frameworks */ = {
			isa = PBXFrameworksBuildPhase;
			buildActionMask = 2147483647;
			files = (
				B9B92BBE300D9A000012FBCE /* FocusPulseCore in Frameworks */,
			);
			runOnlyForDeploymentPostprocessing = 0;
		};
		B9B92BC6300D9B710012FBCE /* Frameworks */ = {
			isa = PBXFrameworksBuildPhase;
			buildActionMask = 2147483647;
			files = (
				B9B92BEB300D9D830012FBCE /* FocusPulseCore in Frameworks */,
				B9B92BCD300D9B720012FBCE /* SwiftUI.framework in Frameworks */,
				B9B92BCB300D9B720012FBCE /* WidgetKit.framework in Frameworks */,
			);
			runOnlyForDeploymentPostprocessing = 0;
		};
/* End PBXFrameworksBuildPhase section */

/* Begin PBXGroup section */
		381BC3962E082B1D000225DB = {
			isa = PBXGroup;
			children = (
				B9B92BE9300D9CA80012FBCE /* FocusPulseWatchComplicationsExtension.entitlements */,
				381BC3A12E082B1D000225DB /* FocusPulse */,
				381BC3AF2E082B1F000225DB /* FocusPulseTests */,
				381BC3B92E082B1F000225DB /* FocusPulseUITests */,
				B9B92BA2300D95EB0012FBCE /* FocusPulseWatch Watch App */,
				B9B92BCE300D9B720012FBCE /* FocusPulseWatchComplications */,
				B9B92BBC300D9A000012FBCE /* Frameworks */,
				381BC3A02E082B1D000225DB /* Products */,
			);
			sourceTree = "<group>";
		};
		381BC3A02E082B1D000225DB /* Products */ = {
			isa = PBXGroup;
			children = (
				381BC39F2E082B1D000225DB /* FocusPulse.app */,
				381BC3AC2E082B1F000225DB /* FocusPulseTests.xctest */,
				381BC3B62E082B1F000225DB /* FocusPulseUITests.xctest */,
				B9B92BA1300D95EB0012FBCE /* FocusPulseWatch Watch App.app */,
				B9B92BC9300D9B710012FBCE /* FocusPulseWatchComplicationsExtension.appex */,
			);
			name = Products;
			sourceTree = "<group>";
		};
		B9B92BBC300D9A000012FBCE /* Frameworks */ = {
			isa = PBXGroup;
			children = (
				B9B92BCA300D9B710012FBCE /* WidgetKit.framework */,
				B9B92BCC300D9B720012FBCE /* SwiftUI.framework */,
			);
			name = Frameworks;
			sourceTree = "<group>";
		};
/* End PBXGroup section */

/* Begin PBXNativeTarget section */
		381BC39E2E082B1D000225DB /* FocusPulse */ = {
			isa = PBXNativeTarget;
			buildConfigurationList = 381BC3C02E082B1F000225DB /* Build configuration list for PBXNativeTarget "FocusPulse" */;
			buildPhases = (
				381BC39B2E082B1D000225DB /* Sources */,
				381BC39C2E082B1D000225DB /* Frameworks */,
				381BC39D2E082B1D000225DB /* Resources */,
				B9B92BAF300D95ED0012FBCE /* Embed Watch Content */,
			);
			buildRules = (
			);
			dependencies = (
				B9B92BAA300D95ED0012FBCE /* PBXTargetDependency */,
			);
			fileSystemSynchronizedGroups = (
				381BC3A12E082B1D000225DB /* FocusPulse */,
			);
			name = FocusPulse;
			packageProductDependencies = (
				FCFCFC0000000000000000D1 /* FocusPulseCore */,
			);
			productName = FocusPulse;
			productReference = 381BC39F2E082B1D000225DB /* FocusPulse.app */;
			productType = "com.apple.product-type.application";
		};
		381BC3AB2E082B1F000225DB /* FocusPulseTests */ = {
			isa = PBXNativeTarget;
			buildConfigurationList = 381BC3C32E082B1F000225DB /* Build configuration list for PBXNativeTarget "FocusPulseTests" */;
			buildPhases = (
				381BC3A82E082B1F000225DB /* Sources */,
				381BC3A92E082B1F000225DB /* Frameworks */,
				381BC3AA2E082B1F000225DB /* Resources */,
			);
			buildRules = (
			);
			dependencies = (
				381BC3AE2E082B1F000225DB /* PBXTargetDependency */,
			);
			fileSystemSynchronizedGroups = (
				381BC3AF2E082B1F000225DB /* FocusPulseTests */,
			);
			name = FocusPulseTests;
			packageProductDependencies = (
			);
			productName = FocusPulseTests;
			productReference = 381BC3AC2E082B1F000225DB /* FocusPulseTests.xctest */;
			productType = "com.apple.product-type.bundle.unit-test";
		};
		381BC3B52E082B1F000225DB /* FocusPulseUITests */ = {
			isa = PBXNativeTarget;
			buildConfigurationList = 381BC3C62E082B1F000225DB /* Build configuration list for PBXNativeTarget "FocusPulseUITests" */;
			buildPhases = (
				381BC3B22E082B1F000225DB /* Sources */,
				381BC3B32E082B1F000225DB /* Frameworks */,
				381BC3B42E082B1F000225DB /* Resources */,
			);
			buildRules = (
			);
			dependencies = (
				381BC3B82E082B1F000225DB /* PBXTargetDependency */,
			);
			fileSystemSynchronizedGroups = (
				381BC3B92E082B1F000225DB /* FocusPulseUITests */,
			);
			name = FocusPulseUITests;
			packageProductDependencies = (
			);
			productName = FocusPulseUITests;
			productReference = 381BC3B62E082B1F000225DB /* FocusPulseUITests.xctest */;
			productType = "com.apple.product-type.bundle.ui-testing";
		};
		B9B92BA0300D95EB0012FBCE /* FocusPulseWatch Watch App */ = {
			isa = PBXNativeTarget;
			buildConfigurationList = B9B92BAC300D95ED0012FBCE /* Build configuration list for PBXNativeTarget "FocusPulseWatch Watch App" */;
			buildPhases = (
				B9B92B9D300D95EB0012FBCE /* Sources */,
				B9B92B9E300D95EB0012FBCE /* Frameworks */,
				B9B92B9F300D95EB0012FBCE /* Resources */,
				B9B92BE1300D9B740012FBCE /* Embed Foundation Extensions */,
			);
			buildRules = (
			);
			dependencies = (
				B9B92BDB300D9B740012FBCE /* PBXTargetDependency */,
			);
			fileSystemSynchronizedGroups = (
				B9B92BA2300D95EB0012FBCE /* FocusPulseWatch Watch App */,
			);
			name = "FocusPulseWatch Watch App";
			packageProductDependencies = (
				B9B92BBD300D9A000012FBCE /* FocusPulseCore */,
			);
			productName = "FocusPulseWatch Watch App";
			productReference = B9B92BA1300D95EB0012FBCE /* FocusPulseWatch Watch App.app */;
			productType = "com.apple.product-type.application";
		};
		B9B92BC8300D9B710012FBCE /* FocusPulseWatchComplicationsExtension */ = {
			isa = PBXNativeTarget;
			buildConfigurationList = B9B92BDD300D9B740012FBCE /* Build configuration list for PBXNativeTarget "FocusPulseWatchComplicationsExtension" */;
			buildPhases = (
				B9B92BC5300D9B710012FBCE /* Sources */,
				B9B92BC6300D9B710012FBCE /* Frameworks */,
				B9B92BC7300D9B710012FBCE /* Resources */,
			);
			buildRules = (
			);
			dependencies = (
			);
			fileSystemSynchronizedGroups = (
				B9B92BCE300D9B720012FBCE /* FocusPulseWatchComplications */,
			);
			name = FocusPulseWatchComplicationsExtension;
			packageProductDependencies = (
				B9B92BEA300D9D830012FBCE /* FocusPulseCore */,
			);
			productName = FocusPulseWatchComplicationsExtension;
			productReference = B9B92BC9300D9B710012FBCE /* FocusPulseWatchComplicationsExtension.appex */;
			productType = "com.apple.product-type.app-extension";
		};
/* End PBXNativeTarget section */

/* Begin PBXProject section */
		381BC3972E082B1D000225DB /* Project object */ = {
			isa = PBXProject;
			attributes = {
				BuildIndependentTargetsInParallel = 1;
				LastSwiftUpdateCheck = 2610;
				LastUpgradeCheck = 2610;
				TargetAttributes = {
					381BC39E2E082B1D000225DB = {
						CreatedOnToolsVersion = 16.3;
					};
					381BC3AB2E082B1F000225DB = {
						CreatedOnToolsVersion = 16.3;
						TestTargetID = 381BC39E2E082B1D000225DB;
					};
					381BC3B52E082B1F000225DB = {
						CreatedOnToolsVersion = 16.3;
						TestTargetID = 381BC39E2E082B1D000225DB;
					};
					B9B92BA0300D95EB0012FBCE = {
						CreatedOnToolsVersion = 26.1.1;
						LastSwiftMigration = 2610;
					};
					B9B92BC8300D9B710012FBCE = {
						CreatedOnToolsVersion = 26.1.1;
						LastSwiftMigration = 2610;
					};
				};
			};
			buildConfigurationList = 381BC39A2E082B1D000225DB /* Build configuration list for PBXProject "FocusPulse" */;
			developmentRegion = en;
			hasScannedForEncodings = 0;
			knownRegions = (
				en,
				Base,
			);
			mainGroup = 381BC3962E082B1D000225DB;
			minimizedProjectReferenceProxies = 1;
			packageReferences = (
				FCFCFC0000000000000000C0 /* XCLocalSwiftPackageReference "../Core" */,
			);
			preferredProjectObjectVersion = 77;
			productRefGroup = 381BC3A02E082B1D000225DB /* Products */;
			projectDirPath = "";
			projectRoot = "";
			targets = (
				381BC39E2E082B1D000225DB /* FocusPulse */,
				381BC3AB2E082B1F000225DB /* FocusPulseTests */,
				381BC3B52E082B1F000225DB /* FocusPulseUITests */,
				B9B92BA0300D95EB0012FBCE /* FocusPulseWatch Watch App */,
				B9B92BC8300D9B710012FBCE /* FocusPulseWatchComplicationsExtension */,
			);
		};
/* End PBXProject section */

/* Begin PBXResourcesBuildPhase section */
		381BC39D2E082B1D000225DB /* Resources */ = {
			isa = PBXResourcesBuildPhase;
			buildActionMask = 2147483647;
			files = (
			);
			runOnlyForDeploymentPostprocessing = 0;
		};
		381BC3AA2E082B1F000225DB /* Resources */ = {
			isa = PBXResourcesBuildPhase;
			buildActionMask = 2147483647;
			files = (
			);
			runOnlyForDeploymentPostprocessing = 0;
		};
		381BC3B42E082B1F000225DB /* Resources */ = {
			isa = PBXResourcesBuildPhase;
			buildActionMask = 2147483647;
			files = (
			);
			runOnlyForDeploymentPostprocessing = 0;
		};
		B9B92B9F300D95EB0012FBCE /* Resources */ = {
			isa = PBXResourcesBuildPhase;
			buildActionMask = 2147483647;
			files = (
			);
			runOnlyForDeploymentPostprocessing = 0;
		};
		B9B92BC7300D9B710012FBCE /* Resources */ = {
			isa = PBXResourcesBuildPhase;
			buildActionMask = 2147483647;
			files = (
			);
			runOnlyForDeploymentPostprocessing = 0;
		};
/* End PBXResourcesBuildPhase section */

/* Begin PBXSourcesBuildPhase section */
		381BC39B2E082B1D000225DB /* Sources */ = {
			isa = PBXSourcesBuildPhase;
			buildActionMask = 2147483647;
			files = (
			);
			runOnlyForDeploymentPostprocessing = 0;
		};
		381BC3A82E082B1F000225DB /* Sources */ = {
			isa = PBXSourcesBuildPhase;
			buildActionMask = 2147483647;
			files = (
			);
			runOnlyForDeploymentPostprocessing = 0;
		};
		381BC3B22E082B1F000225DB /* Sources */ = {
			isa = PBXSourcesBuildPhase;
			buildActionMask = 2147483647;
			files = (
			);
			runOnlyForDeploymentPostprocessing = 0;
		};
		B9B92B9D300D95EB0012FBCE /* Sources */ = {
			isa = PBXSourcesBuildPhase;
			buildActionMask = 2147483647;
			files = (
			);
			runOnlyForDeploymentPostprocessing = 0;
		};
		B9B92BC5300D9B710012FBCE /* Sources */ = {
			isa = PBXSourcesBuildPhase;
			buildActionMask = 2147483647;
			files = (
			);
			runOnlyForDeploymentPostprocessing = 0;
		};
/* End PBXSourcesBuildPhase section */

/* Begin PBXTargetDependency section */
		381BC3AE2E082B1F000225DB /* PBXTargetDependency */ = {
			isa = PBXTargetDependency;
			target = 381BC39E2E082B1D000225DB /* FocusPulse */;
			targetProxy = 381BC3AD2E082B1F000225DB /* PBXContainerItemProxy */;
		};
		381BC3B82E082B1F000225DB /* PBXTargetDependency */ = {
			isa = PBXTargetDependency;
			target = 381BC39E2E082B1D000225DB /* FocusPulse */;
			targetProxy = 381BC3B72E082B1F000225DB /* PBXContainerItemProxy */;
		};
		B9B92BAA300D95ED0012FBCE /* PBXTargetDependency */ = {
			isa = PBXTargetDependency;
			target = B9B92BA0300D95EB0012FBCE /* FocusPulseWatch Watch App */;
			targetProxy = B9B92BA9300D95ED0012FBCE /* PBXContainerItemProxy */;
		};
		B9B92BDB300D9B740012FBCE /* PBXTargetDependency */ = {
			isa = PBXTargetDependency;
			target = B9B92BC8300D9B710012FBCE /* FocusPulseWatchComplicationsExtension */;
			targetProxy = B9B92BDA300D9B740012FBCE /* PBXContainerItemProxy */;
		};
/* End PBXTargetDependency section */

/* Begin XCBuildConfiguration section */
		381BC3BE2E082B1F000225DB /* Debug */ = {
			isa = XCBuildConfiguration;
			buildSettings = {
				ALWAYS_SEARCH_USER_PATHS = NO;
				ASSETCATALOG_COMPILER_GENERATE_SWIFT_ASSET_SYMBOL_EXTENSIONS = YES;
				CLANG_ANALYZER_NONNULL = YES;
				CLANG_ANALYZER_NUMBER_OBJECT_CONVERSION = YES_AGGRESSIVE;
				CLANG_CXX_LANGUAGE_STANDARD = "gnu++20";
				CLANG_ENABLE_MODULES = YES;
				CLANG_ENABLE_OBJC_ARC = YES;
				CLANG_ENABLE_OBJC_WEAK = YES;
				CLANG_WARN_BLOCK_CAPTURE_AUTORELEASING = YES;
				CLANG_WARN_BOOL_CONVERSION = YES;
				CLANG_WARN_COMMA = YES;
				CLANG_WARN_CONSTANT_CONVERSION = YES;
				CLANG_WARN_DEPRECATED_OBJC_IMPLEMENTATIONS = YES;
				CLANG_WARN_DIRECT_OBJC_ISA_USAGE = YES_ERROR;
				CLANG_WARN_DOCUMENTATION_COMMENTS = YES;
				CLANG_WARN_EMPTY_BODY = YES;
				CLANG_WARN_ENUM_CONVERSION = YES;
				CLANG_WARN_INFINITE_RECURSION = YES;
				CLANG_WARN_INT_CONVERSION = YES;
				CLANG_WARN_NON_LITERAL_NULL_CONVERSION = YES;
				CLANG_WARN_OBJC_IMPLICIT_RETAIN_SELF = YES;
				CLANG_WARN_OBJC_LITERAL_CONVERSION = YES;
				CLANG_WARN_OBJC_ROOT_CLASS = YES_ERROR;
				CLANG_WARN_QUOTED_INCLUDE_IN_FRAMEWORK_HEADER = YES;
				CLANG_WARN_RANGE_LOOP_ANALYSIS = YES;
				CLANG_WARN_STRICT_PROTOTYPES = YES;
				CLANG_WARN_SUSPICIOUS_MOVE = YES;
				CLANG_WARN_UNGUARDED_AVAILABILITY = YES_AGGRESSIVE;
				CLANG_WARN_UNREACHABLE_CODE = YES;
				CLANG_WARN__DUPLICATE_METHOD_MATCH = YES;
				COPY_PHASE_STRIP = NO;
				DEBUG_INFORMATION_FORMAT = dwarf;
				ENABLE_STRICT_OBJC_MSGSEND = YES;
				ENABLE_TESTABILITY = YES;
				ENABLE_USER_SCRIPT_SANDBOXING = YES;
				GCC_C_LANGUAGE_STANDARD = gnu17;
				GCC_DYNAMIC_NO_PIC = NO;
				GCC_NO_COMMON_BLOCKS = YES;
				GCC_OPTIMIZATION_LEVEL = 0;
				GCC_PREPROCESSOR_DEFINITIONS = (
					"DEBUG=1",
					"$(inherited)",
				);
				GCC_WARN_64_TO_32_BIT_CONVERSION = YES;
				GCC_WARN_ABOUT_RETURN_TYPE = YES_ERROR;
				GCC_WARN_UNDECLARED_SELECTOR = YES;
				GCC_WARN_UNINITIALIZED_AUTOS = YES_AGGRESSIVE;
				GCC_WARN_UNUSED_FUNCTION = YES;
				GCC_WARN_UNUSED_VARIABLE = YES;
				IPHONEOS_DEPLOYMENT_TARGET = 18.4;
				LOCALIZATION_PREFERS_STRING_CATALOGS = YES;
				MTL_ENABLE_DEBUG_INFO = INCLUDE_SOURCE;
				MTL_FAST_MATH = YES;
				ONLY_ACTIVE_ARCH = YES;
				SDKROOT = iphoneos;
				STRING_CATALOG_GENERATE_SYMBOLS = YES;
				SWIFT_ACTIVE_COMPILATION_CONDITIONS = "DEBUG $(inherited)";
				SWIFT_OPTIMIZATION_LEVEL = "-Onone";
			};
			name = Debug;
		};
		381BC3BF2E082B1F000225DB /* Release */ = {
			isa = XCBuildConfiguration;
			buildSettings = {
				ALWAYS_SEARCH_USER_PATHS = NO;
				ASSETCATALOG_COMPILER_GENERATE_SWIFT_ASSET_SYMBOL_EXTENSIONS = YES;
				CLANG_ANALYZER_NONNULL = YES;
				CLANG_ANALYZER_NUMBER_OBJECT_CONVERSION = YES_AGGRESSIVE;
				CLANG_CXX_LANGUAGE_STANDARD = "gnu++20";
				CLANG_ENABLE_MODULES = YES;
				CLANG_ENABLE_OBJC_ARC = YES;
				CLANG_ENABLE_OBJC_WEAK = YES;
				CLANG_WARN_BLOCK_CAPTURE_AUTORELEASING = YES;
				CLANG_WARN_BOOL_CONVERSION = YES;
				CLANG_WARN_COMMA = YES;
				CLANG_WARN_CONSTANT_CONVERSION = YES;
				CLANG_WARN_DEPRECATED_OBJC_IMPLEMENTATIONS = YES;
				CLANG_WARN_DIRECT_OBJC_ISA_USAGE = YES_ERROR;
				CLANG_WARN_DOCUMENTATION_COMMENTS = YES;
				CLANG_WARN_EMPTY_BODY = YES;
				CLANG_WARN_ENUM_CONVERSION = YES;
				CLANG_WARN_INFINITE_RECURSION = YES;
				CLANG_WARN_INT_CONVERSION = YES;
				CLANG_WARN_NON_LITERAL_NULL_CONVERSION = YES;
				CLANG_WARN_OBJC_IMPLICIT_RETAIN_SELF = YES;
				CLANG_WARN_OBJC_LITERAL_CONVERSION = YES;
				CLANG_WARN_OBJC_ROOT_CLASS = YES_ERROR;
				CLANG_WARN_QUOTED_INCLUDE_IN_FRAMEWORK_HEADER = YES;
				CLANG_WARN_RANGE_LOOP_ANALYSIS = YES;
				CLANG_WARN_STRICT_PROTOTYPES = YES;
				CLANG_WARN_SUSPICIOUS_MOVE = YES;
				CLANG_WARN_UNGUARDED_AVAILABILITY = YES_AGGRESSIVE;
				CLANG_WARN_UNREACHABLE_CODE = YES;
				CLANG_WARN__DUPLICATE_METHOD_MATCH = YES;
				COPY_PHASE_STRIP = NO;
				DEBUG_INFORMATION_FORMAT = "dwarf-with-dsym";
				ENABLE_NS_ASSERTIONS = NO;
				ENABLE_STRICT_OBJC_MSGSEND = YES;
				ENABLE_USER_SCRIPT_SANDBOXING = YES;
				GCC_C_LANGUAGE_STANDARD = gnu17;
				GCC_NO_COMMON_BLOCKS = YES;
				GCC_WARN_64_TO_32_BIT_CONVERSION = YES;
				GCC_WARN_ABOUT_RETURN_TYPE = YES_ERROR;
				GCC_WARN_UNDECLARED_SELECTOR = YES;
				GCC_WARN_UNINITIALIZED_AUTOS = YES_AGGRESSIVE;
				GCC_WARN_UNUSED_FUNCTION = YES;
				GCC_WARN_UNUSED_VARIABLE = YES;
				IPHONEOS_DEPLOYMENT_TARGET = 18.4;
				LOCALIZATION_PREFERS_STRING_CATALOGS = YES;
				MTL_ENABLE_DEBUG_INFO = NO;
				MTL_FAST_MATH = YES;
				SDKROOT = iphoneos;
				STRING_CATALOG_GENERATE_SYMBOLS = YES;
				SWIFT_COMPILATION_MODE = wholemodule;
				VALIDATE_PRODUCT = YES;
			};
			name = Release;
		};
		381BC3C12E082B1F000225DB /* Debug */ = {
			isa = XCBuildConfiguration;
			buildSettings = {
				ASSETCATALOG_COMPILER_APPICON_NAME = AppIcon;
				ASSETCATALOG_COMPILER_GLOBAL_ACCENT_COLOR_NAME = AccentColor;
				CODE_SIGN_ENTITLEMENTS = FocusPulse/FocusPulse.entitlements;
				CODE_SIGN_STYLE = Automatic;
				CURRENT_PROJECT_VERSION = 1;
				DEVELOPMENT_TEAM = QQPYNXLTJQ;
				ENABLE_PREVIEWS = YES;
				GENERATE_INFOPLIST_FILE = YES;
				INFOPLIST_KEY_CFBundleDisplayName = "Focus Pulse";
				INFOPLIST_KEY_LSApplicationCategoryType = "public.app-category.productivity";
				INFOPLIST_KEY_NSAppleMusicUsageDescription = "FocusPulse plays and pauses your Apple Music in step with your focus sessions.";
				INFOPLIST_KEY_UIApplicationSceneManifest_Generation = YES;
				INFOPLIST_KEY_UIApplicationSupportsIndirectInputEvents = YES;
				INFOPLIST_KEY_UILaunchScreen_Generation = YES;
				INFOPLIST_KEY_UISupportedInterfaceOrientations_iPad = "UIInterfaceOrientationPortrait UIInterfaceOrientationPortraitUpsideDown UIInterfaceOrientationLandscapeLeft UIInterfaceOrientationLandscapeRight";
				INFOPLIST_KEY_UISupportedInterfaceOrientations_iPhone = "UIInterfaceOrientationPortrait UIInterfaceOrientationLandscapeLeft UIInterfaceOrientationLandscapeRight";
				LD_RUNPATH_SEARCH_PATHS = (
					"$(inherited)",
					"@executable_path/Frameworks",
				);
				MARKETING_VERSION = 1.0;
				PRODUCT_BUNDLE_IDENTIFIER = moe.sei.FocusPulse;
				PRODUCT_NAME = "$(TARGET_NAME)";
				SWIFT_EMIT_LOC_STRINGS = YES;
				SWIFT_VERSION = 5.0;
				TARGETED_DEVICE_FAMILY = "1,2";
			};
			name = Debug;
		};
		381BC3C22E082B1F000225DB /* Release */ = {
			isa = XCBuildConfiguration;
			buildSettings = {
				ASSETCATALOG_COMPILER_APPICON_NAME = AppIcon;
				ASSETCATALOG_COMPILER_GLOBAL_ACCENT_COLOR_NAME = AccentColor;
				CODE_SIGN_ENTITLEMENTS = FocusPulse/FocusPulse.entitlements;
				CODE_SIGN_STYLE = Automatic;
				CURRENT_PROJECT_VERSION = 1;
				DEVELOPMENT_TEAM = QQPYNXLTJQ;
				ENABLE_PREVIEWS = YES;
				GENERATE_INFOPLIST_FILE = YES;
				INFOPLIST_KEY_CFBundleDisplayName = "Focus Pulse";
				INFOPLIST_KEY_LSApplicationCategoryType = "public.app-category.productivity";
				INFOPLIST_KEY_NSAppleMusicUsageDescription = "FocusPulse plays and pauses your Apple Music in step with your focus sessions.";
				INFOPLIST_KEY_UIApplicationSceneManifest_Generation = YES;
				INFOPLIST_KEY_UIApplicationSupportsIndirectInputEvents = YES;
				INFOPLIST_KEY_UILaunchScreen_Generation = YES;
				INFOPLIST_KEY_UISupportedInterfaceOrientations_iPad = "UIInterfaceOrientationPortrait UIInterfaceOrientationPortraitUpsideDown UIInterfaceOrientationLandscapeLeft UIInterfaceOrientationLandscapeRight";
				INFOPLIST_KEY_UISupportedInterfaceOrientations_iPhone = "UIInterfaceOrientationPortrait UIInterfaceOrientationLandscapeLeft UIInterfaceOrientationLandscapeRight";
				LD_RUNPATH_SEARCH_PATHS = (
					"$(inherited)",
					"@executable_path/Frameworks",
				);
				MARKETING_VERSION = 1.0;
				PRODUCT_BUNDLE_IDENTIFIER = moe.sei.FocusPulse;
				PRODUCT_NAME = "$(TARGET_NAME)";
				SWIFT_EMIT_LOC_STRINGS = YES;
				SWIFT_VERSION = 5.0;
				TARGETED_DEVICE_FAMILY = "1,2";
			};
			name = Release;
		};
		381BC3C42E082B1F000225DB /* Debug */ = {
			isa = XCBuildConfiguration;
			buildSettings = {
				BUNDLE_LOADER = "$(TEST_HOST)";
				CODE_SIGN_STYLE = Automatic;
				CURRENT_PROJECT_VERSION = 1;
				GENERATE_INFOPLIST_FILE = YES;
				IPHONEOS_DEPLOYMENT_TARGET = 18.4;
				MARKETING_VERSION = 1.0;
				PRODUCT_BUNDLE_IDENTIFIER = moe.sei.FocusPulseTests;
				PRODUCT_NAME = "$(TARGET_NAME)";
				SWIFT_EMIT_LOC_STRINGS = NO;
				SWIFT_VERSION = 5.0;
				TARGETED_DEVICE_FAMILY = "1,2";
				TEST_HOST = "$(BUILT_PRODUCTS_DIR)/FocusPulse.app/$(BUNDLE_EXECUTABLE_FOLDER_PATH)/FocusPulse";
			};
			name = Debug;
		};
		381BC3C52E082B1F000225DB /* Release */ = {
			isa = XCBuildConfiguration;
			buildSettings = {
				BUNDLE_LOADER = "$(TEST_HOST)";
				CODE_SIGN_STYLE = Automatic;
				CURRENT_PROJECT_VERSION = 1;
				GENERATE_INFOPLIST_FILE = YES;
				IPHONEOS_DEPLOYMENT_TARGET = 18.4;
				MARKETING_VERSION = 1.0;
				PRODUCT_BUNDLE_IDENTIFIER = moe.sei.FocusPulseTests;
				PRODUCT_NAME = "$(TARGET_NAME)";
				SWIFT_EMIT_LOC_STRINGS = NO;
				SWIFT_VERSION = 5.0;
				TARGETED_DEVICE_FAMILY = "1,2";
				TEST_HOST = "$(BUILT_PRODUCTS_DIR)/FocusPulse.app/$(BUNDLE_EXECUTABLE_FOLDER_PATH)/FocusPulse";
			};
			name = Release;
		};
		381BC3C72E082B1F000225DB /* Debug */ = {
			isa = XCBuildConfiguration;
			buildSettings = {
				CODE_SIGN_STYLE = Automatic;
				CURRENT_PROJECT_VERSION = 1;
				GENERATE_INFOPLIST_FILE = YES;
				MARKETING_VERSION = 1.0;
				PRODUCT_BUNDLE_IDENTIFIER = moe.sei.FocusPulseUITests;
				PRODUCT_NAME = "$(TARGET_NAME)";
				SWIFT_EMIT_LOC_STRINGS = NO;
				SWIFT_VERSION = 5.0;
				TARGETED_DEVICE_FAMILY = "1,2";
				TEST_TARGET_NAME = FocusPulse;
			};
			name = Debug;
		};
		381BC3C82E082B1F000225DB /* Release */ = {
			isa = XCBuildConfiguration;
			buildSettings = {
				CODE_SIGN_STYLE = Automatic;
				CURRENT_PROJECT_VERSION = 1;
				GENERATE_INFOPLIST_FILE = YES;
				MARKETING_VERSION = 1.0;
				PRODUCT_BUNDLE_IDENTIFIER = moe.sei.FocusPulseUITests;
				PRODUCT_NAME = "$(TARGET_NAME)";
				SWIFT_EMIT_LOC_STRINGS = NO;
				SWIFT_VERSION = 5.0;
				TARGETED_DEVICE_FAMILY = "1,2";
				TEST_TARGET_NAME = FocusPulse;
			};
			name = Release;
		};
		B9B92BAD300D95ED0012FBCE /* Debug */ = {
			isa = XCBuildConfiguration;
			buildSettings = {
				ASSETCATALOG_COMPILER_APPICON_NAME = AppIcon;
				ASSETCATALOG_COMPILER_GLOBAL_ACCENT_COLOR_NAME = AccentColor;
				CLANG_ENABLE_MODULES = YES;
				CODE_SIGN_ENTITLEMENTS = "FocusPulseWatch Watch App/FocusPulseWatch Watch App.entitlements";
				CODE_SIGN_STYLE = Automatic;
				CURRENT_PROJECT_VERSION = 1;
				DEVELOPMENT_TEAM = QQPYNXLTJQ;
				ENABLE_PREVIEWS = YES;
				GENERATE_INFOPLIST_FILE = YES;
				INFOPLIST_KEY_CFBundleDisplayName = FocusPulseWatch;
				INFOPLIST_KEY_UISupportedInterfaceOrientations = "UIInterfaceOrientationPortrait UIInterfaceOrientationPortraitUpsideDown";
				INFOPLIST_KEY_WKCompanionAppBundleIdentifier = moe.sei.FocusPulse;
				LD_RUNPATH_SEARCH_PATHS = (
					"$(inherited)",
					"@executable_path/Frameworks",
				);
				MARKETING_VERSION = 1.0;
				PRODUCT_BUNDLE_IDENTIFIER = moe.sei.FocusPulse.watchkitapp;
				PRODUCT_NAME = "$(TARGET_NAME)";
				SDKROOT = watchos;
				SKIP_INSTALL = YES;
				STRING_CATALOG_GENERATE_SYMBOLS = YES;
				SWIFT_APPROACHABLE_CONCURRENCY = YES;
				SWIFT_DEFAULT_ACTOR_ISOLATION = MainActor;
				SWIFT_EMIT_LOC_STRINGS = YES;
				SWIFT_OPTIMIZATION_LEVEL = "-Onone";
				SWIFT_UPCOMING_FEATURE_MEMBER_IMPORT_VISIBILITY = YES;
				SWIFT_VERSION = 5.0;
				TARGETED_DEVICE_FAMILY = 4;
				WATCHOS_DEPLOYMENT_TARGET = 11.6;
			};
			name = Debug;
		};
		B9B92BAE300D95ED0012FBCE /* Release */ = {
			isa = XCBuildConfiguration;
			buildSettings = {
				ASSETCATALOG_COMPILER_APPICON_NAME = AppIcon;
				ASSETCATALOG_COMPILER_GLOBAL_ACCENT_COLOR_NAME = AccentColor;
				CLANG_ENABLE_MODULES = YES;
				CODE_SIGN_ENTITLEMENTS = "FocusPulseWatch Watch App/FocusPulseWatch Watch App.entitlements";
				CODE_SIGN_STYLE = Automatic;
				CURRENT_PROJECT_VERSION = 1;
				DEVELOPMENT_TEAM = QQPYNXLTJQ;
				ENABLE_PREVIEWS = YES;
				GENERATE_INFOPLIST_FILE = YES;
				INFOPLIST_KEY_CFBundleDisplayName = FocusPulseWatch;
				INFOPLIST_KEY_UISupportedInterfaceOrientations = "UIInterfaceOrientationPortrait UIInterfaceOrientationPortraitUpsideDown";
				INFOPLIST_KEY_WKCompanionAppBundleIdentifier = moe.sei.FocusPulse;
				LD_RUNPATH_SEARCH_PATHS = (
					"$(inherited)",
					"@executable_path/Frameworks",
				);
				MARKETING_VERSION = 1.0;
				PRODUCT_BUNDLE_IDENTIFIER = moe.sei.FocusPulse.watchkitapp;
				PRODUCT_NAME = "$(TARGET_NAME)";
				SDKROOT = watchos;
				SKIP_INSTALL = YES;
				STRING_CATALOG_GENERATE_SYMBOLS = YES;
				SWIFT_APPROACHABLE_CONCURRENCY = YES;
				SWIFT_DEFAULT_ACTOR_ISOLATION = MainActor;
				SWIFT_EMIT_LOC_STRINGS = YES;
				SWIFT_UPCOMING_FEATURE_MEMBER_IMPORT_VISIBILITY = YES;
				SWIFT_VERSION = 5.0;
				TARGETED_DEVICE_FAMILY = 4;
				WATCHOS_DEPLOYMENT_TARGET = 11.6;
			};
			name = Release;
		};
		B9B92BDE300D9B740012FBCE /* Debug */ = {
			isa = XCBuildConfiguration;
			buildSettings = {
				ASSETCATALOG_COMPILER_GLOBAL_ACCENT_COLOR_NAME = AccentColor;
				ASSETCATALOG_COMPILER_WIDGET_BACKGROUND_COLOR_NAME = WidgetBackground;
				CLANG_ENABLE_MODULES = YES;
				CODE_SIGN_ENTITLEMENTS = FocusPulseWatchComplicationsExtension.entitlements;
				CODE_SIGN_STYLE = Automatic;
				CURRENT_PROJECT_VERSION = 1;
				DEVELOPMENT_TEAM = QQPYNXLTJQ;
				GENERATE_INFOPLIST_FILE = YES;
				INFOPLIST_FILE = FocusPulseWatchComplications/Info.plist;
				INFOPLIST_KEY_CFBundleDisplayName = FocusPulseWatchComplications;
				INFOPLIST_KEY_NSHumanReadableCopyright = "";
				LD_RUNPATH_SEARCH_PATHS = (
					"$(inherited)",
					"@executable_path/Frameworks",
					"@executable_path/../../Frameworks",
					"@executable_path/../../../../Frameworks",
				);
				MARKETING_VERSION = 1.0;
				PRODUCT_BUNDLE_IDENTIFIER = moe.sei.FocusPulse.watchkitapp.FocusPulseWatchComplications;
				PRODUCT_NAME = "$(TARGET_NAME)";
				SDKROOT = watchos;
				SKIP_INSTALL = YES;
				STRING_CATALOG_GENERATE_SYMBOLS = YES;
				SWIFT_APPROACHABLE_CONCURRENCY = YES;
				SWIFT_EMIT_LOC_STRINGS = YES;
				SWIFT_OPTIMIZATION_LEVEL = "-Onone";
				SWIFT_UPCOMING_FEATURE_MEMBER_IMPORT_VISIBILITY = YES;
				SWIFT_VERSION = 5.0;
				TARGETED_DEVICE_FAMILY = 4;
				WATCHOS_DEPLOYMENT_TARGET = 26.1;
			};
			name = Debug;
		};
		B9B92BDF300D9B740012FBCE /* Release */ = {
			isa = XCBuildConfiguration;
			buildSettings = {
				ASSETCATALOG_COMPILER_GLOBAL_ACCENT_COLOR_NAME = AccentColor;
				ASSETCATALOG_COMPILER_WIDGET_BACKGROUND_COLOR_NAME = WidgetBackground;
				CLANG_ENABLE_MODULES = YES;
				CODE_SIGN_ENTITLEMENTS = FocusPulseWatchComplicationsExtension.entitlements;
				CODE_SIGN_STYLE = Automatic;
				CURRENT_PROJECT_VERSION = 1;
				DEVELOPMENT_TEAM = QQPYNXLTJQ;
				GENERATE_INFOPLIST_FILE = YES;
				INFOPLIST_FILE = FocusPulseWatchComplications/Info.plist;
				INFOPLIST_KEY_CFBundleDisplayName = FocusPulseWatchComplications;
				INFOPLIST_KEY_NSHumanReadableCopyright = "";
				LD_RUNPATH_SEARCH_PATHS = (
					"$(inherited)",
					"@executable_path/Frameworks",
					"@executable_path/../../Frameworks",
					"@executable_path/../../../../Frameworks",
				);
				MARKETING_VERSION = 1.0;
				PRODUCT_BUNDLE_IDENTIFIER = moe.sei.FocusPulse.watchkitapp.FocusPulseWatchComplications;
				PRODUCT_NAME = "$(TARGET_NAME)";
				SDKROOT = watchos;
				SKIP_INSTALL = YES;
				STRING_CATALOG_GENERATE_SYMBOLS = YES;
				SWIFT_APPROACHABLE_CONCURRENCY = YES;
				SWIFT_EMIT_LOC_STRINGS = YES;
				SWIFT_UPCOMING_FEATURE_MEMBER_IMPORT_VISIBILITY = YES;
				SWIFT_VERSION = 5.0;
				TARGETED_DEVICE_FAMILY = 4;
				WATCHOS_DEPLOYMENT_TARGET = 26.1;
			};
			name = Release;
		};
/* End XCBuildConfiguration section */

/* Begin XCConfigurationList section */
		381BC39A2E082B1D000225DB /* Build configuration list for PBXProject "FocusPulse" */ = {
			isa = XCConfigurationList;
			buildConfigurations = (
				381BC3BE2E082B1F000225DB /* Debug */,
				381BC3BF2E082B1F000225DB /* Release */,
			);
			defaultConfigurationIsVisible = 0;
			defaultConfigurationName = Release;
		};
		381BC3C02E082B1F000225DB /* Build configuration list for PBXNativeTarget "FocusPulse" */ = {
			isa = XCConfigurationList;
			buildConfigurations = (
				381BC3C12E082B1F000225DB /* Debug */,
				381BC3C22E082B1F000225DB /* Release */,
			);
			defaultConfigurationIsVisible = 0;
			defaultConfigurationName = Release;
		};
		381BC3C32E082B1F000225DB /* Build configuration list for PBXNativeTarget "FocusPulseTests" */ = {
			isa = XCConfigurationList;
			buildConfigurations = (
				381BC3C42E082B1F000225DB /* Debug */,
				381BC3C52E082B1F000225DB /* Release */,
			);
			defaultConfigurationIsVisible = 0;
			defaultConfigurationName = Release;
		};
		381BC3C62E082B1F000225DB /* Build configuration list for PBXNativeTarget "FocusPulseUITests" */ = {
			isa = XCConfigurationList;
			buildConfigurations = (
				381BC3C72E082B1F000225DB /* Debug */,
				381BC3C82E082B1F000225DB /* Release */,
			);
			defaultConfigurationIsVisible = 0;
			defaultConfigurationName = Release;
		};
		B9B92BAC300D95ED0012FBCE /* Build configuration list for PBXNativeTarget "FocusPulseWatch Watch App" */ = {
			isa = XCConfigurationList;
			buildConfigurations = (
				B9B92BAD300D95ED0012FBCE /* Debug */,
				B9B92BAE300D95ED0012FBCE /* Release */,
			);
			defaultConfigurationIsVisible = 0;
			defaultConfigurationName = Release;
		};
		B9B92BDD300D9B740012FBCE /* Build configuration list for PBXNativeTarget "FocusPulseWatchComplicationsExtension" */ = {
			isa = XCConfigurationList;
			buildConfigurations = (
				B9B92BDE300D9B740012FBCE /* Debug */,
				B9B92BDF300D9B740012FBCE /* Release */,
			);
			defaultConfigurationIsVisible = 0;
			defaultConfigurationName = Release;
		};
/* End XCConfigurationList section */

/* Begin XCLocalSwiftPackageReference section */
		FCFCFC0000000000000000C0 /* XCLocalSwiftPackageReference "../Core" */ = {
			isa = XCLocalSwiftPackageReference;
			relativePath = ../Core;
		};
/* End XCLocalSwiftPackageReference section */

/* Begin XCSwiftPackageProductDependency section */
		B9B92BBD300D9A000012FBCE /* FocusPulseCore */ = {
			isa = XCSwiftPackageProductDependency;
			package = FCFCFC0000000000000000C0 /* XCLocalSwiftPackageReference "../Core" */;
			productName = FocusPulseCore;
		};
		B9B92BEA300D9D830012FBCE /* FocusPulseCore */ = {
			isa = XCSwiftPackageProductDependency;
			package = FCFCFC0000000000000000C0 /* XCLocalSwiftPackageReference "../Core" */;
			productName = FocusPulseCore;
		};
		FCFCFC0000000000000000D1 /* FocusPulseCore */ = {
			isa = XCSwiftPackageProductDependency;
			package = FCFCFC0000000000000000C0 /* XCLocalSwiftPackageReference "../Core" */;
			productName = FocusPulseCore;
		};
/* End XCSwiftPackageProductDependency section */
	};
	rootObject = 381BC3972E082B1D000225DB /* Project object */;
}
