// !$*UTF8*$!
{
	archiveVersion = 1;
	classes = {
	};
	objectVersion = 77;
	objects = {

/* Begin PBXContainerItemProxy section */
		381BC3AD2E082B1F000225DB /* PBXContainerItemProxy */ = {
			isa = PBXContainerItemProxy;
			containerPortal = 381BC3972E082B1D000225DB /* Project object */;
			proxyType = 1;
			remoteGlobalIDString = 381BC39E2E082B1D000225DB;
			remoteInfo = FocusPulse;
		};
		381BC3B72E082B1F000225DB /* PBXContainerItemProxy */ = {
			isa = PBXContainerItemProxy;
			containerPortal = 381BC3972E082B1D000225DB /* Project object */;
			proxyType = 1;
			remoteGlobalIDString = 381BC39E2E082B1D000225DB;
			remoteInfo = FocusPulse;
		};
/* End PBXContainerItemProxy section */

/* Begin PBXFileReference section */
		381BC39F2E082B1D000225DB /* FocusPulse.app */ = {isa = PBXFileReference; explicitFileType = wrapper.application; includeInIndex = 0; path = FocusPulse.app; sourceTree = BUILT_PRODUCTS_DIR; };
		381BC3AC2E082B1F000225DB /* FocusPulseTests.xctest */ = {isa = PBXFileReference; explicitFileType = wrapper.cfbundle; includeInIndex = 0; path = FocusPulseTests.xctest; sourceTree = BUILT_PRODUCTS_DIR; };
		381BC3B62E082B1F000225DB /* FocusPulseUITests.xctest */ = {isa = PBXFileReference; explicitFileType = wrapper.cfbundle; includeInIndex = 0; path = FocusPulseUITests.xctest; sourceTree = BUILT_PRODUCTS_DIR; };
/* End PBXFileReference section */

/* Begin PBXFileSystemSynchronizedRootGroup section */
		381BC3A12E082B1D000225DB /* FocusPulse */ = {
			isa = PBXFileSystemSynchronizedRootGroup;
			path = FocusPulse;
			sourceTree = "<group>";
		};
		381BC3AF2E082B1F000225DB /* FocusPulseTests */ = {
			isa = PBXFileSystemSynchronizedRootGroup;
			path = FocusPulseTests;
			sourceTree = "<group>";
		};
		381BC3B92E082B1F000225DB /* FocusPulseUITests */ = {
			isa = PBXFileSystemSynchronizedRootGroup;
			path = FocusPulseUITests;
			sourceTree = "<group>";
		};
/* End PBXFileSystemSynchronizedRootGroup section */

/* Begin PBXFrameworksBuildPhase section */
		381BC39C2E082B1D000225DB /* Frameworks */ = {
			isa = PBXFrameworksBuildPhase;
			buildActionMask = 2147483647;
			files = (
			);
			runOnlyForDeploymentPostprocessing = 0;
		};
		381BC3A92E082B1F000225DB /* Frameworks */ = {
			isa = PBXFrameworksBuildPhase;
			buildActionMask = 2147483647;
			files = (
			);
			runOnlyForDeploymentPostprocessing = 0;
		};
		381BC3B32E082B1F000225DB /* Frameworks */ = {
			isa = PBXFrameworksBuildPhase;
			buildActionMask = 2147483647;
			files = (
			);
			runOnlyForDeploymentPostprocessing = 0;
		};
/* End PBXFrameworksBuildPhase section */

/* Begin PBXGroup section */
		381BC3962E082B1D000225DB = {
			isa = PBXGroup;
			children = (
				381BC3A12E082B1D000225DB /* FocusPulse */,
				381BC3AF2E082B1F000225DB /* FocusPulseTests */,
				381BC3B92E082B1F000225DB /* FocusPulseUITests */,
				381BC3A02E082B1D000225DB /* Products */,
			);
			sourceTree = "<group>";
		};
		381BC3A02E082B1D000225DB /* Products */ = {
			isa = PBXGroup;
			children = (
				381BC39F2E082B1D000225DB /* FocusPulse.app */,
				381BC3AC2E082B1F000225DB /* FocusPulseTests.xctest */,
				381BC3B62E082B1F000225DB /* FocusPulseUITests.xctest */,
			);
			name = Products;
			sourceTree = "<group>";
		};
/* End PBXGroup section */

/* Begin PBXNativeTarget section */
		381BC39E2E082B1D000225DB /* FocusPulse */ = {
			isa = PBXNativeTarget;
			buildConfigurationList = 381BC3C02E082B1F000225DB /* Build configuration list for PBXNativeTarget "FocusPulse" */;
			buildPhases = (
				381BC39B2E082B1D000225DB /* Sources */,
				381BC39C2E082B1D000225DB /* Frameworks */,
				381BC39D2E082B1D000225DB /* Resources */,
			);
			buildRules = (
			);
			dependencies = (
			);
			fileSystemSynchronizedGroups = (
				381BC3A12E082B1D000225DB /* FocusPulse */,
			);
			name = FocusPulse;
			packageProductDependencies = (
			);
			productName = FocusPulse;
			productReference = 381BC39F2E082B1D000225DB /* FocusPulse.app */;
			productType = "com.apple.product-type.application";
		};
		381BC3AB2E082B1F000225DB /* FocusPulseTests */ = {
			isa = PBXNativeTarget;
			buildConfigurationList = 381BC3C32E082B1F000225DB /* Build configuration list for PBXNativeTarget "FocusPulseTests" */;
			buildPhases = (
				381BC3A82E082B1F000225DB /* Sources */,
				381BC3A92E082B1F000225DB /* Frameworks */,
				381BC3AA2E082B1F000225DB /* Resources */,
			);
			buildRules = (
			);
			dependencies = (
				381BC3AE2E082B1F000225DB /* PBXTargetDependency */,
			);
			fileSystemSynchronizedGroups = (
				381BC3AF2E082B1F000225DB /* FocusPulseTests */,
			);
			name = FocusPulseTests;
			packageProductDependencies = (
			);
			productName = FocusPulseTests;
			productReference = 381BC3AC2E082B1F000225DB /* FocusPulseTests.xctest */;
			productType = "com.apple.product-type.bundle.unit-test";
		};
		381BC3B52E082B1F000225DB /* FocusPulseUITests */ = {
			isa = PBXNativeTarget;
			buildConfigurationList = 381BC3C62E082B1F000225DB /* Build configuration list for PBXNativeTarget "FocusPulseUITests" */;
			buildPhases = (
				381BC3B22E082B1F000225DB /* Sources */,
				381BC3B32E082B1F000225DB /* Frameworks */,
				381BC3B42E082B1F000225DB /* Resources */,
			);
			buildRules = (
			);
			dependencies = (
				381BC3B82E082B1F000225DB /* PBXTargetDependency */,
			);
			fileSystemSynchronizedGroups = (
				381BC3B92E082B1F000225DB /* FocusPulseUITests */,
			);
			name = FocusPulseUITests;
			packageProductDependencies = (
			);
			productName = FocusPulseUITests;
			productReference = 381BC3B62E082B1F000225DB /* FocusPulseUITests.xctest */;
			productType = "com.apple.product-type.bundle.ui-testing";
		};
/* End PBXNativeTarget section */

/* Begin PBXProject section */
		381BC3972E082B1D000225DB /* Project object */ = {
			isa = PBXProject;
			attributes = {
				BuildIndependentTargetsInParallel = 1;
				LastSwiftUpdateCheck = 1630;
				LastUpgradeCheck = 1630;
				TargetAttributes = {
					381BC39E2E082B1D000225DB = {
						CreatedOnToolsVersion = 16.3;
					};
					381BC3AB2E082B1F000225DB = {
						CreatedOnToolsVersion = 16.3;
						TestTargetID = 381BC39E2E082B1D000225DB;
					};
					381BC3B52E082B1F000225DB = {
						CreatedOnToolsVersion = 16.3;
						TestTargetID = 381BC39E2E082B1D000225DB;
					};
				};
			};
			buildConfigurationList = 381BC39A2E082B1D000225DB /* Build configuration list for PBXProject "FocusPulse" */;
			developmentRegion = en;
			hasScannedForEncodings = 0;
			knownRegions = (
				en,
				Base,
			);
			mainGroup = 381BC3962E082B1D000225DB;
			minimizedProjectReferenceProxies = 1;
			preferredProjectObjectVersion = 77;
			productRefGroup = 381BC3A02E082B1D000225DB /* Products */;
			projectDirPath = "";
			projectRoot = "";
			targets = (
				381BC39E2E082B1D000225DB /* FocusPulse */,
				381BC3AB2E082B1F000225DB /* FocusPulseTests */,
				381BC3B52E082B1F000225DB /* FocusPulseUITests */,
			);
		};
/* End PBXProject section */

/* Begin PBXResourcesBuildPhase section */
		381BC39D2E082B1D000225DB /* Resources */ = {
			isa = PBXResourcesBuildPhase;
			buildActionMask = 2147483647;
			files = (
			);
			runOnlyForDeploymentPostprocessing = 0;
		};
		381BC3AA2E082B1F000225DB /* Resources */ = {
			isa = PBXResourcesBuildPhase;
			buildActionMask = 2147483647;
			files = (
			);
			runOnlyForDeploymentPostprocessing = 0;
		};
		381BC3B42E082B1F000225DB /* Resources */ = {
			isa = PBXResourcesBuildPhase;
			buildActionMask = 2147483647;
			files = (
			);
			runOnlyForDeploymentPostprocessing = 0;
		};
/* End PBXResourcesBuildPhase section */

/* Begin PBXSourcesBuildPhase section */
		381BC39B2E082B1D000225DB /* Sources */ = {
			isa = PBXSourcesBuildPhase;
			buildActionMask = 2147483647;
			files = (
			);
			runOnlyForDeploymentPostprocessing = 0;
		};
		381BC3A82E082B1F000225DB /* Sources */ = {
			isa = PBXSourcesBuildPhase;
			buildActionMask = 2147483647;
			files = (
			);
			runOnlyForDeploymentPostprocessing = 0;
		};
		381BC3B22E082B1F000225DB /* Sources */ = {
			isa = PBXSourcesBuildPhase;
			buildActionMask = 2147483647;
			files = (
			);
			runOnlyForDeploymentPostprocessing = 0;
		};
/* End PBXSourcesBuildPhase section */

/* Begin PBXTargetDependency section */
		381BC3AE2E082B1F000225DB /* PBXTargetDependency */ = {
			isa = PBXTargetDependency;
			target = 381BC39E2E082B1D000225DB /* FocusPulse */;
			targetProxy = 381BC3AD2E082B1F000225DB /* PBXContainerItemProxy */;
		};
		381BC3B82E082B1F000225DB /* PBXTargetDependency */ = {
			isa = PBXTargetDependency;
			target = 381BC39E2E082B1D000225DB /* FocusPulse */;
			targetProxy = 381BC3B72E082B1F000225DB /* PBXContainerItemProxy */;
		};
/* End PBXTargetDependency section */

/* Begin XCBuildConfiguration section */
		381BC3BE2E082B1F000225DB /* Debug */ = {
			isa = XCBuildConfiguration;
			buildSettings = {
				ALWAYS_SEARCH_USER_PATHS = NO;
				ASSETCATALOG_COMPILER_GENERATE_SWIFT_ASSET_SYMBOL_EXTENSIONS = YES;
				CLANG_ANALYZER_NONNULL = YES;
				CLANG_ANALYZER_NUMBER_OBJECT_CONVERSION = YES_AGGRESSIVE;
				CLANG_CXX_LANGUAGE_STANDARD = "gnu++20";
				CLANG_ENABLE_MODULES = YES;
				CLANG_ENABLE_OBJC_ARC = YES;
				CLANG_ENABLE_OBJC_WEAK = YES;
				CLANG_WARN_BLOCK_CAPTURE_AUTORELEASING = YES;
				CLANG_WARN_BOOL_CONVERSION = YES;
				CLANG_WARN_COMMA = YES;
				CLANG_WARN_CONSTANT_CONVERSION = YES;
				CLANG_WARN_DEPRECATED_OBJC_IMPLEMENTATIONS = YES;
				CLANG_WARN_DIRECT_OBJC_ISA_USAGE = YES_ERROR;
				CLANG_WARN_DOCUMENTATION_COMMENTS = YES;
				CLANG_WARN_EMPTY_BODY = YES;
				CLANG_WARN_ENUM_CONVERSION = YES;
				CLANG_WARN_INFINITE_RECURSION = YES;
				CLANG_WARN_INT_CONVERSION = YES;
				CLANG_WARN_NON_LITERAL_NULL_CONVERSION = YES;
				CLANG_WARN_OBJC_IMPLICIT_RETAIN_SELF = YES;
				CLANG_WARN_OBJC_LITERAL_CONVERSION = YES;
				CLANG_WARN_OBJC_ROOT_CLASS = YES_ERROR;
				CLANG_WARN_QUOTED_INCLUDE_IN_FRAMEWORK_HEADER = YES;
				CLANG_WARN_RANGE_LOOP_ANALYSIS = YES;
				CLANG_WARN_STRICT_PROTOTYPES = YES;
				CLANG_WARN_SUSPICIOUS_MOVE = YES;
				CLANG_WARN_UNGUARDED_AVAILABILITY = YES_AGGRESSIVE;
				CLANG_WARN_UNREACHABLE_CODE = YES;
				CLANG_WARN__DUPLICATE_METHOD_MATCH = YES;
				COPY_PHASE_STRIP = NO;
				DEBUG_INFORMATION_FORMAT = dwarf;
				ENABLE_STRICT_OBJC_MSGSEND = YES;
				ENABLE_TESTABILITY = YES;
				ENABLE_USER_SCRIPT_SANDBOXING = YES;
				GCC_C_LANGUAGE_STANDARD = gnu17;
				GCC_DYNAMIC_NO_PIC = NO;
				GCC_NO_COMMON_BLOCKS = YES;
				GCC_OPTIMIZATION_LEVEL = 0;
				GCC_PREPROCESSOR_DEFINITIONS = (
					"DEBUG=1",
					"$(inherited)",
				);
				GCC_WARN_64_TO_32_BIT_CONVERSION = YES;
				GCC_WARN_ABOUT_RETURN_TYPE = YES_ERROR;
				GCC_WARN_UNDECLARED_SELECTOR = YES;
				GCC_WARN_UNINITIALIZED_AUTOS = YES_AGGRESSIVE;
				GCC_WARN_UNUSED_FUNCTION = YES;
				GCC_WARN_UNUSED_VARIABLE = YES;
				IPHONEOS_DEPLOYMENT_TARGET = 18.4;
				LOCALIZATION_PREFERS_STRING_CATALOGS = YES;
				MTL_ENABLE_DEBUG_INFO = INCLUDE_SOURCE;
				MTL_FAST_MATH = YES;
				ONLY_ACTIVE_ARCH = YES;
				SDKROOT = iphoneos;
				SWIFT_ACTIVE_COMPILATION_CONDITIONS = "DEBUG $(inherited)";
				SWIFT_OPTIMIZATION_LEVEL = "-Onone";
			};
			name = Debug;
		};
		381BC3BF2E082B1F000225DB /* Release */ = {
			isa = XCBuildConfiguration;
			buildSettings = {
				ALWAYS_SEARCH_USER_PATHS = NO;
				ASSETCATALOG_COMPILER_GENERATE_SWIFT_ASSET_SYMBOL_EXTENSIONS = YES;
				CLANG_ANALYZER_NONNULL = YES;
				CLANG_ANALYZER_NUMBER_OBJECT_CONVERSION = YES_AGGRESSIVE;
				CLANG_CXX_LANGUAGE_STANDARD = "gnu++20";
				CLANG_ENABLE_MODULES = YES;
				CLANG_ENABLE_OBJC_ARC = YES;
				CLANG_ENABLE_OBJC_WEAK = YES;
				CLANG_WARN_BLOCK_CAPTURE_AUTORELEASING = YES;
				CLANG_WARN_BOOL_CONVERSION = YES;
				CLANG_WARN_COMMA = YES;
				CLANG_WARN_CONSTANT_CONVERSION = YES;
				CLANG_WARN_DEPRECATED_OBJC_IMPLEMENTATIONS = YES;
				CLANG_WARN_DIRECT_OBJC_ISA_USAGE = YES_ERROR;
				CLANG_WARN_DOCUMENTATION_COMMENTS = YES;
				CLANG_WARN_EMPTY_BODY = YES;
				CLANG_WARN_ENUM_CONVERSION = YES;
				CLANG_WARN_INFINITE_RECURSION = YES;
				CLANG_WARN_INT_CONVERSION = YES;
				CLANG_WARN_NON_LITERAL_NULL_CONVERSION = YES;
				CLANG_WARN_OBJC_IMPLICIT_RETAIN_SELF = YES;
				CLANG_WARN_OBJC_LITERAL_CONVERSION = YES;
				CLANG_WARN_OBJC_ROOT_CLASS = YES_ERROR;
				CLANG_WARN_QUOTED_INCLUDE_IN_FRAMEWORK_HEADER = YES;
				CLANG_WARN_RANGE_LOOP_ANALYSIS = YES;
				CLANG_WARN_STRICT_PROTOTYPES = YES;
				CLANG_WARN_SUSPICIOUS_MOVE = YES;
				CLANG_WARN_UNGUARDED_AVAILABILITY = YES_AGGRESSIVE;
				CLANG_WARN_UNREACHABLE_CODE = YES;
				CLANG_WARN__DUPLICATE_METHOD_MATCH = YES;
				COPY_PHASE_STRIP = NO;
				DEBUG_INFORMATION_FORMAT = "dwarf-with-dsym";
				ENABLE_NS_ASSERTIONS = NO;
				ENABLE_STRICT_OBJC_MSGSEND = YES;
				ENABLE_USER_SCRIPT_SANDBOXING = YES;
				GCC_C_LANGUAGE_STANDARD = gnu17;
				GCC_NO_COMMON_BLOCKS = YES;
				GCC_WARN_64_TO_32_BIT_CONVERSION = YES;
				GCC_WARN_ABOUT_RETURN_TYPE = YES_ERROR;
				GCC_WARN_UNDECLARED_SELECTOR = YES;
				GCC_WARN_UNINITIALIZED_AUTOS = YES_AGGRESSIVE;
				GCC_WARN_UNUSED_FUNCTION = YES;
				GCC_WARN_UNUSED_VARIABLE = YES;
				IPHONEOS_DEPLOYMENT_TARGET = 18.4;
				LOCALIZATION_PREFERS_STRING_CATALOGS = YES;
				MTL_ENABLE_DEBUG_INFO = NO;
				MTL_FAST_MATH = YES;
				SDKROOT = iphoneos;
				SWIFT_COMPILATION_MODE = wholemodule;
				VALIDATE_PRODUCT = YES;
			};
			name = Release;
		};
		381BC3C12E082B1F000225DB /* Debug */ = {
			isa = XCBuildConfiguration;
			buildSettings = {
				ASSETCATALOG_COMPILER_APPICON_NAME = AppIcon;
				ASSETCATALOG_COMPILER_GLOBAL_ACCENT_COLOR_NAME = AccentColor;
				CODE_SIGN_STYLE = Automatic;
				CURRENT_PROJECT_VERSION = 1;
				DEVELOPMENT_TEAM = M7W98J26R9;
				ENABLE_PREVIEWS = YES;
				GENERATE_INFOPLIST_FILE = YES;
				INFOPLIST_KEY_CFBundleDisplayName = "Focus Pulse";
				INFOPLIST_KEY_UIApplicationSceneManifest_Generation = YES;
				INFOPLIST_KEY_UIApplicationSupportsIndirectInputEvents = YES;
				INFOPLIST_KEY_UILaunchScreen_Generation = YES;
				INFOPLIST_KEY_UISupportedInterfaceOrientations_iPad = "UIInterfaceOrientationPortrait UIInterfaceOrientationPortraitUpsideDown UIInterfaceOrientationLandscapeLeft UIInterfaceOrientationLandscapeRight";
				INFOPLIST_KEY_UISupportedInterfaceOrientations_iPhone = "UIInterfaceOrientationPortrait UIInterfaceOrientationLandscapeLeft UIInterfaceOrientationLandscapeRight";
				LD_RUNPATH_SEARCH_PATHS = (
					"$(inherited)",
					"@executable_path/Frameworks",
				);
				MARKETING_VERSION = 1.0;
				PRODUCT_BUNDLE_IDENTIFIER = "net.sg-r.FocusPulse";
				PRODUCT_NAME = "$(TARGET_NAME)";
				SWIFT_EMIT_LOC_STRINGS = YES;
				SWIFT_VERSION = 5.0;
				TARGETED_DEVICE_FAMILY = "1,2";
			};
			name = Debug;
		};
		381BC3C22E082B1F000225DB /* Release */ = {
			isa = XCBuildConfiguration;
			buildSettings = {
				ASSETCATALOG_COMPILER_APPICON_NAME = AppIcon;
				ASSETCATALOG_COMPILER_GLOBAL_ACCENT_COLOR_NAME = AccentColor;
				CODE_SIGN_STYLE = Automatic;
				CURRENT_PROJECT_VERSION = 1;
				DEVELOPMENT_TEAM = M7W98J26R9;
				ENABLE_PREVIEWS = YES;
				GENERATE_INFOPLIST_FILE = YES;
				INFOPLIST_KEY_CFBundleDisplayName = "Focus Pulse";
				INFOPLIST_KEY_UIApplicationSceneManifest_Generation = YES;
				INFOPLIST_KEY_UIApplicationSupportsIndirectInputEvents = YES;
				INFOPLIST_KEY_UILaunchScreen_Generation = YES;
				INFOPLIST_KEY_UISupportedInterfaceOrientations_iPad = "UIInterfaceOrientationPortrait UIInterfaceOrientationPortraitUpsideDown UIInterfaceOrientationLandscapeLeft UIInterfaceOrientationLandscapeRight";
				INFOPLIST_KEY_UISupportedInterfaceOrientations_iPhone = "UIInterfaceOrientationPortrait UIInterfaceOrientationLandscapeLeft UIInterfaceOrientationLandscapeRight";
				LD_RUNPATH_SEARCH_PATHS = (
					"$(inherited)",
					"@executable_path/Frameworks",
				);
				MARKETING_VERSION = 1.0;
				PRODUCT_BUNDLE_IDENTIFIER = "net.sg-r.FocusPulse";
				PRODUCT_NAME = "$(TARGET_NAME)";
				SWIFT_EMIT_LOC_STRINGS = YES;
				SWIFT_VERSION = 5.0;
				TARGETED_DEVICE_FAMILY = "1,2";
			};
			name = Release;
		};
		381BC3C42E082B1F000225DB /* Debug */ = {
			isa = XCBuildConfiguration;
			buildSettings = {
				BUNDLE_LOADER = "$(TEST_HOST)";
				CODE_SIGN_STYLE = Automatic;
				CURRENT_PROJECT_VERSION = 1;
				GENERATE_INFOPLIST_FILE = YES;
				IPHONEOS_DEPLOYMENT_TARGET = 18.4;
				MARKETING_VERSION = 1.0;
				PRODUCT_BUNDLE_IDENTIFIER = "net.sg-r.FocusPulseTests";
				PRODUCT_NAME = "$(TARGET_NAME)";
				SWIFT_EMIT_LOC_STRINGS = NO;
				SWIFT_VERSION = 5.0;
				TARGETED_DEVICE_FAMILY = "1,2";
				TEST_HOST = "$(BUILT_PRODUCTS_DIR)/FocusPulse.app/$(BUNDLE_EXECUTABLE_FOLDER_PATH)/FocusPulse";
			};
			name = Debug;
		};
		381BC3C52E082B1F000225DB /* Release */ = {
			isa = XCBuildConfiguration;
			buildSettings = {
				BUNDLE_LOADER = "$(TEST_HOST)";
				CODE_SIGN_STYLE = Automatic;
				CURRENT_PROJECT_VERSION = 1;
				GENERATE_INFOPLIST_FILE = YES;
				IPHONEOS_DEPLOYMENT_TARGET = 18.4;
				MARKETING_VERSION = 1.0;
				PRODUCT_BUNDLE_IDENTIFIER = "net.sg-r.FocusPulseTests";
				PRODUCT_NAME = "$(TARGET_NAME)";
				SWIFT_EMIT_LOC_STRINGS = NO;
				SWIFT_VERSION = 5.0;
				TARGETED_DEVICE_FAMILY = "1,2";
				TEST_HOST = "$(BUILT_PRODUCTS_DIR)/FocusPulse.app/$(BUNDLE_EXECUTABLE_FOLDER_PATH)/FocusPulse";
			};
			name = Release;
		};
		381BC3C72E082B1F000225DB /* Debug */ = {
			isa = XCBuildConfiguration;
			buildSettings = {
				CODE_SIGN_STYLE = Automatic;
				CURRENT_PROJECT_VERSION = 1;
				GENERATE_INFOPLIST_FILE = YES;
				MARKETING_VERSION = 1.0;
				PRODUCT_BUNDLE_IDENTIFIER = "net.sg-r.FocusPulseUITests";
				PRODUCT_NAME = "$(TARGET_NAME)";
				SWIFT_EMIT_LOC_STRINGS = NO;
				SWIFT_VERSION = 5.0;
				TARGETED_DEVICE_FAMILY = "1,2";
				TEST_TARGET_NAME = FocusPulse;
			};
			name = Debug;
		};
		381BC3C82E082B1F000225DB /* Release */ = {
			isa = XCBuildConfiguration;
			buildSettings = {
				CODE_SIGN_STYLE = Automatic;
				CURRENT_PROJECT_VERSION = 1;
				GENERATE_INFOPLIST_FILE = YES;
				MARKETING_VERSION = 1.0;
				PRODUCT_BUNDLE_IDENTIFIER = "net.sg-r.FocusPulseUITests";
				PRODUCT_NAME = "$(TARGET_NAME)";
				SWIFT_EMIT_LOC_STRINGS = NO;
				SWIFT_VERSION = 5.0;
				TARGETED_DEVICE_FAMILY = "1,2";
				TEST_TARGET_NAME = FocusPulse;
			};
			name = Release;
		};
/* End XCBuildConfiguration section */

/* Begin XCConfigurationList section */
		381BC39A2E082B1D000225DB /* Build configuration list for PBXProject "FocusPulse" */ = {
			isa = XCConfigurationList;
			buildConfigurations = (
				381BC3BE2E082B1F000225DB /* Debug */,
				381BC3BF2E082B1F000225DB /* Release */,
			);
			defaultConfigurationIsVisible = 0;
			defaultConfigurationName = Release;
		};
		381BC3C02E082B1F000225DB /* Build configuration list for PBXNativeTarget "FocusPulse" */ = {
			isa = XCConfigurationList;
			buildConfigurations = (
				381BC3C12E082B1F000225DB /* Debug */,
				381BC3C22E082B1F000225DB /* Release */,
			);
			defaultConfigurationIsVisible = 0;
			defaultConfigurationName = Release;
		};
		381BC3C32E082B1F000225DB /* Build configuration list for PBXNativeTarget "FocusPulseTests" */ = {
			isa = XCConfigurationList;
			buildConfigurations = (
				381BC3C42E082B1F000225DB /* Debug */,
				381BC3C52E082B1F000225DB /* Release */,
			);
			defaultConfigurationIsVisible = 0;
			defaultConfigurationName = Release;
		};
		381BC3C62E082B1F000225DB /* Build configuration list for PBXNativeTarget "FocusPulseUITests" */ = {
			isa = XCConfigurationList;
			buildConfigurations = (
				381BC3C72E082B1F000225DB /* Debug */,
				381BC3C82E082B1F000225DB /* Release */,
			);
			defaultConfigurationIsVisible = 0;
			defaultConfigurationName = Release;
		};
/* End XCConfigurationList section */
	};
	rootObject = 381BC3972E082B1D000225DB /* Project object */;
}
